
Microsoft Visual Studio Solution File, Format Version 12.00
# Visual Studio Version 17
VisualStudioVersion = 17.2.32526.322
MinimumVisualStudioVersion = 10.0.40219.1
Project("{FAE04EC0-301F-11D3-BF4B-00C04F79EFBC}") = "App", "src\App\App.csproj", "{04378427-ADEA-4ACC-A3E2-CBE066083016}"
EndProject
Project("{FAE04EC0-301F-11D3-BF4B-00C04F79EFBC}") = "Business", "src\Business\Business.csproj", "{9899B88C-DE4E-43D1-BCC7-5FC132918B97}"
EndProject
Project("{FAE04EC0-301F-11D3-BF4B-00C04F79EFBC}") = "Data", "src\Data\Data.csproj", "{AF78DFDB-B52F-4246-B638-D309B47D02C3}"
EndProject
Global
	GlobalSection(SolutionConfigurationPlatforms) = preSolution
		Debug|Any CPU = Debug|Any CPU
		Release|Any CPU = Release|Any CPU
	EndGlobalSection
	GlobalSection(ProjectConfigurationPlatforms) = postSolution
		{04378427-ADEA-4ACC-A3E2-CBE066083016}.Debug|Any CPU.ActiveCfg = Debug|Any CPU
		{04378427-ADEA-4ACC-A3E2-CBE066083016}.Debug|Any CPU.Build.0 = Debug|Any CPU
		{04378427-ADEA-4ACC-A3E2-CBE066083016}.Release|Any CPU.ActiveCfg = Release|Any CPU
		{04378427-ADEA-4ACC-A3E2-CBE066083016}.Release|Any CPU.Build.0 = Release|Any CPU
		{9899B88C-DE4E-43D1-BCC7-5FC132918B97}.Debug|Any CPU.ActiveCfg = Debug|Any CPU
		{9899B88C-DE4E-43D1-BCC7-5FC132918B97}.Debug|Any CPU.Build.0 = Debug|Any CPU
		{9899B88C-DE4E-43D1-BCC7-5FC132918B97}.Release|Any CPU.ActiveCfg = Release|Any CPU
		{9899B88C-DE4E-43D1-BCC7-5FC132918B97}.Release|Any CPU.Build.0 = Release|Any CPU
		{AF78DFDB-B52F-4246-B638-D309B47D02C3}.Debug|Any CPU.ActiveCfg = Debug|Any CPU
		{AF78DFDB-B52F-4246-B638-D309B47D02C3}.Debug|Any CPU.Build.0 = Debug|Any CPU
		{AF78DFDB-B52F-4246-B638-D309B47D02C3}.Release|Any CPU.ActiveCfg = Release|Any CPU
		{AF78DFDB-B52F-4246-B638-D309B47D02C3}.Release|Any CPU.Build.0 = Release|Any CPU
	EndGlobalSection
	GlobalSection(SolutionProperties) = preSolution
		HideSolutionNode = FALSE
	EndGlobalSection
	GlobalSection(ExtensibilityGlobals) = postSolution
		SolutionGuid = {BBB52AC5-0076-43DC-9F99-488F6DF65BF1}
	EndGlobalSection
EndGlobal
